{
  "name": "Planner",
  "lockfileVersion": 3,
  "requires": true,
  "packages": {
    "": {
      "dependencies": {
        "canvaskit-wasm": "^0.39.1"
      }
    },
    "node_modules/@webgpu/types": {
      "version": "0.1.21",
      "license": "BSD-3-Clause"
    },
    "node_modules/canvaskit-wasm": {
      "version": "0.39.1",
      "license": "BSD-3-Clause",
      "dependencies": {
        "@webgpu/types": "0.1.21"
      }
    }
  }
}
